
Microsoft Visual Studio Solution File, Format Version 12.00
# Visual Studio Version 16
VisualStudioVersion = 16.0.30503.244
MinimumVisualStudioVersion = 10.0.40219.1
Project("{FAE04EC0-301F-11D3-BF4B-00C04F79EFBC}") = "Superheros", "Superheros\Superheros.csproj", "{B41377F0-E2E5-4BF4-BD96-877B15566FD6}"
EndProject
Global
	GlobalSection(SolutionConfigurationPlatforms) = preSolution
		Debug|Any CPU = Debug|Any CPU
		Release|Any CPU = Release|Any CPU
	EndGlobalSection
	GlobalSection(ProjectConfigurationPlatforms) = postSolution
		{B41377F0-E2E5-4BF4-BD96-877B15566FD6}.Debug|Any CPU.ActiveCfg = Debug|Any CPU
		{B41377F0-E2E5-4BF4-BD96-877B15566FD6}.Debug|Any CPU.Build.0 = Debug|Any CPU
		{B41377F0-E2E5-4BF4-BD96-877B15566FD6}.Release|Any CPU.ActiveCfg = Release|Any CPU
		{B41377F0-E2E5-4BF4-BD96-877B15566FD6}.Release|Any CPU.Build.0 = Release|Any CPU
	EndGlobalSection
	GlobalSection(SolutionProperties) = preSolution
		HideSolutionNode = FALSE
	EndGlobalSection
	GlobalSection(ExtensibilityGlobals) = postSolution
		SolutionGuid = {576C10FC-2B89-477A-B5D7-18E3D0B030B5}
	EndGlobalSection
EndGlobal
